// !$*UTF8*$!
{
	archiveVersion = 1;
	classes = {
	};
	objectVersion = 56;
	objects = {

/* Begin PBXBuildFile section */
		6BA36CA62C05BBDF00BE7853 /* AppDelegate.swift in Sources */ = {isa = PBXBuildFile; fileRef = 6BA36CA52C05BBDF00BE7853 /* AppDelegate.swift */; };
		6BA36CA82C05BBDF00BE7853 /* SceneDelegate.swift in Sources */ = {isa = PBXBuildFile; fileRef = 6BA36CA72C05BBDF00BE7853 /* SceneDelegate.swift */; };
		6BA36CAA2C05BBDF00BE7853 /* ViewController.swift in Sources */ = {isa = PBXBuildFile; fileRef = 6BA36CA92C05BBDF00BE7853 /* ViewController.swift */; };
		6BA36CAD2C05BBDF00BE7853 /* Base in Resources */ = {isa = PBXBuildFile; fileRef = 6BA36CAC2C05BBDF00BE7853 /* Base */; };
		6BA36CB22C05BBE000BE7853 /* Assets.xcassets in Resources */ = {isa = PBXBuildFile; fileRef = 6BA36CB12C05BBE000BE7853 /* Assets.xcassets */; };
		6BA36CB52C05BBE000BE7853 /* Base in Resources */ = {isa = PBXBuildFile; fileRef = 6BA36CB42C05BBE000BE7853 /* Base */; };
		6BA36CC52C05C64800BE7853 /* MyDatabase_PP.xcdatamodeld in Sources */ = {isa = PBXBuildFile; fileRef = 6BA36CC32C05C64800BE7853 /* MyDatabase_PP.xcdatamodeld */; };
		6BA36CCA2C05C6F800BE7853 /* Groups+CoreDataClass.swift in Sources */ = {isa = PBXBuildFile; fileRef = 6BA36CC82C05C6F800BE7853 /* Groups+CoreDataClass.swift */; };
		6BA36CCB2C05C6F800BE7853 /* Groups+CoreDataProperties.swift in Sources */ = {isa = PBXBuildFile; fileRef = 6BA36CC92C05C6F800BE7853 /* Groups+CoreDataProperties.swift */; };
/* End PBXBuildFile section */

/* Begin PBXFileReference section */
		6BA36CA22C05BBDF00BE7853 /* CoreDataWithSQLite.app */ = {isa = PBXFileReference; explicitFileType = wrapper.application; includeInIndex = 0; path = CoreDataWithSQLite.app; sourceTree = BUILT_PRODUCTS_DIR; };
		6BA36CA52C05BBDF00BE7853 /* AppDelegate.swift */ = {isa = PBXFileReference; lastKnownFileType = sourcecode.swift; path = AppDelegate.swift; sourceTree = "<group>"; };
		6BA36CA72C05BBDF00BE7853 /* SceneDelegate.swift */ = {isa = PBXFileReference; lastKnownFileType = sourcecode.swift; path = SceneDelegate.swift; sourceTree = "<group>"; };
		6BA36CA92C05BBDF00BE7853 /* ViewController.swift */ = {isa = PBXFileReference; lastKnownFileType = sourcecode.swift; path = ViewController.swift; sourceTree = "<group>"; };
		6BA36CAC2C05BBDF00BE7853 /* Base */ = {isa = PBXFileReference; lastKnownFileType = file.storyboard; name = Base; path = Base.lproj/Main.storyboard; sourceTree = "<group>"; };
		6BA36CB12C05BBE000BE7853 /* Assets.xcassets */ = {isa = PBXFileReference; lastKnownFileType = folder.assetcatalog; path = Assets.xcassets; sourceTree = "<group>"; };
		6BA36CB42C05BBE000BE7853 /* Base */ = {isa = PBXFileReference; lastKnownFileType = file.storyboard; name = Base; path = Base.lproj/LaunchScreen.storyboard; sourceTree = "<group>"; };
		6BA36CB62C05BBE000BE7853 /* Info.plist */ = {isa = PBXFileReference; lastKnownFileType = text.plist.xml; path = Info.plist; sourceTree = "<group>"; };
		6BA36CC42C05C64800BE7853 /* MyDatabase_PP.xcdatamodel */ = {isa = PBXFileReference; lastKnownFileType = wrapper.xcdatamodel; path = MyDatabase_PP.xcdatamodel; sourceTree = "<group>"; };
		6BA36CC82C05C6F800BE7853 /* Groups+CoreDataClass.swift */ = {isa = PBXFileReference; lastKnownFileType = sourcecode.swift; path = "Groups+CoreDataClass.swift"; sourceTree = "<group>"; };
		6BA36CC92C05C6F800BE7853 /* Groups+CoreDataProperties.swift */ = {isa = PBXFileReference; lastKnownFileType = sourcecode.swift; path = "Groups+CoreDataProperties.swift"; sourceTree = "<group>"; };
/* End PBXFileReference section */

/* Begin PBXFrameworksBuildPhase section */
		6BA36C9F2C05BBDF00BE7853 /* Frameworks */ = {
			isa = PBXFrameworksBuildPhase;
			buildActionMask = 2147483647;
			files = (
			);
			runOnlyForDeploymentPostprocessing = 0;
		};
/* End PBXFrameworksBuildPhase section */

/* Begin PBXGroup section */
		6BA36C992C05BBDF00BE7853 = {
			isa = PBXGroup;
			children = (
				6BA36CC82C05C6F800BE7853 /* Groups+CoreDataClass.swift */,
				6BA36CC92C05C6F800BE7853 /* Groups+CoreDataProperties.swift */,
				6BA36CC32C05C64800BE7853 /* MyDatabase_PP.xcdatamodeld */,
				6BA36CA42C05BBDF00BE7853 /* CoreDataWithSQLite */,
				6BA36CA32C05BBDF00BE7853 /* Products */,
			);
			sourceTree = "<group>";
		};
		6BA36CA32C05BBDF00BE7853 /* Products */ = {
			isa = PBXGroup;
			children = (
				6BA36CA22C05BBDF00BE7853 /* CoreDataWithSQLite.app */,
			);
			name = Products;
			sourceTree = "<group>";
		};
		6BA36CA42C05BBDF00BE7853 /* CoreDataWithSQLite */ = {
			isa = PBXGroup;
			children = (
				6BA36CA52C05BBDF00BE7853 /* AppDelegate.swift */,
				6BA36CA72C05BBDF00BE7853 /* SceneDelegate.swift */,
				6BA36CA92C05BBDF00BE7853 /* ViewController.swift */,
				6BA36CAB2C05BBDF00BE7853 /* Main.storyboard */,
				6BA36CB12C05BBE000BE7853 /* Assets.xcassets */,
				6BA36CB32C05BBE000BE7853 /* LaunchScreen.storyboard */,
				6BA36CB62C05BBE000BE7853 /* Info.plist */,
			);
			path = CoreDataWithSQLite;
			sourceTree = "<group>";
		};
/* End PBXGroup section */

/* Begin PBXNativeTarget section */
		6BA36CA12C05BBDF00BE7853 /* CoreDataWithSQLite */ = {
			isa = PBXNativeTarget;
			buildConfigurationList = 6BA36CB92C05BBE000BE7853 /* Build configuration list for PBXNativeTarget "CoreDataWithSQLite" */;
			buildPhases = (
				6BA36C9E2C05BBDF00BE7853 /* Sources */,
				6BA36C9F2C05BBDF00BE7853 /* Frameworks */,
				6BA36CA02C05BBDF00BE7853 /* Resources */,
			);
			buildRules = (
			);
			dependencies = (
			);
			name = CoreDataWithSQLite;
			productName = CoreDataWithSQLite;
			productReference = 6BA36CA22C05BBDF00BE7853 /* CoreDataWithSQLite.app */;
			productType = "com.apple.product-type.application";
		};
/* End PBXNativeTarget section */

/* Begin PBXProject section */
		6BA36C9A2C05BBDF00BE7853 /* Project object */ = {
			isa = PBXProject;
			attributes = {
				BuildIndependentTargetsInParallel = 1;
				LastSwiftUpdateCheck = 1530;
				LastUpgradeCheck = 1530;
				TargetAttributes = {
					6BA36CA12C05BBDF00BE7853 = {
						CreatedOnToolsVersion = 15.3;
					};
				};
			};
			buildConfigurationList = 6BA36C9D2C05BBDF00BE7853 /* Build configuration list for PBXProject "CoreDataWithSQLite" */;
			compatibilityVersion = "Xcode 14.0";
			developmentRegion = en;
			hasScannedForEncodings = 0;
			knownRegions = (
				en,
				Base,
			);
			mainGroup = 6BA36C992C05BBDF00BE7853;
			productRefGroup = 6BA36CA32C05BBDF00BE7853 /* Products */;
			projectDirPath = "";
			projectRoot = "";
			targets = (
				6BA36CA12C05BBDF00BE7853 /* CoreDataWithSQLite */,
			);
		};
/* End PBXProject section */

/* Begin PBXResourcesBuildPhase section */
		6BA36CA02C05BBDF00BE7853 /* Resources */ = {
			isa = PBXResourcesBuildPhase;
			buildActionMask = 2147483647;
			files = (
				6BA36CB22C05BBE000BE7853 /* Assets.xcassets in Resources */,
				6BA36CB52C05BBE000BE7853 /* Base in Resources */,
				6BA36CAD2C05BBDF00BE7853 /* Base in Resources */,
			);
			runOnlyForDeploymentPostprocessing = 0;
		};
/* End PBXResourcesBuildPhase section */

/* Begin PBXSourcesBuildPhase section */
		6BA36C9E2C05BBDF00BE7853 /* Sources */ = {
			isa = PBXSourcesBuildPhase;
			buildActionMask = 2147483647;
			files = (
				6BA36CC52C05C64800BE7853 /* MyDatabase_PP.xcdatamodeld in Sources */,
				6BA36CAA2C05BBDF00BE7853 /* ViewController.swift in Sources */,
				6BA36CCA2C05C6F800BE7853 /* Groups+CoreDataClass.swift in Sources */,
				6BA36CCB2C05C6F800BE7853 /* Groups+CoreDataProperties.swift in Sources */,
				6BA36CA62C05BBDF00BE7853 /* AppDelegate.swift in Sources */,
				6BA36CA82C05BBDF00BE7853 /* SceneDelegate.swift in Sources */,
			);
			runOnlyForDeploymentPostprocessing = 0;
		};
/* End PBXSourcesBuildPhase section */

/* Begin PBXVariantGroup section */
		6BA36CAB2C05BBDF00BE7853 /* Main.storyboard */ = {
			isa = PBXVariantGroup;
			children = (
				6BA36CAC2C05BBDF00BE7853 /* Base */,
			);
			name = Main.storyboard;
			sourceTree = "<group>";
		};
		6BA36CB32C05BBE000BE7853 /* LaunchScreen.storyboard */ = {
			isa = PBXVariantGroup;
			children = (
				6BA36CB42C05BBE000BE7853 /* Base */,
			);
			name = LaunchScreen.storyboard;
			sourceTree = "<group>";
		};
/* End PBXVariantGroup section */

/* Begin XCBuildConfiguration section */
		6BA36CB72C05BBE000BE7853 /* Debug */ = {
			isa = XCBuildConfiguration;
			buildSettings = {
				ALWAYS_SEARCH_USER_PATHS = NO;
				ASSETCATALOG_COMPILER_GENERATE_SWIFT_ASSET_SYMBOL_EXTENSIONS = YES;
				CLANG_ANALYZER_NONNULL = YES;
				CLANG_ANALYZER_NUMBER_OBJECT_CONVERSION = YES_AGGRESSIVE;
				CLANG_CXX_LANGUAGE_STANDARD = "gnu++20";
				CLANG_ENABLE_MODULES = YES;
				CLANG_ENABLE_OBJC_ARC = YES;
				CLANG_ENABLE_OBJC_WEAK = YES;
				CLANG_WARN_BLOCK_CAPTURE_AUTORELEASING = YES;
				CLANG_WARN_BOOL_CONVERSION = YES;
				CLANG_WARN_COMMA = YES;
				CLANG_WARN_CONSTANT_CONVERSION = YES;
				CLANG_WARN_DEPRECATED_OBJC_IMPLEMENTATIONS = YES;
				CLANG_WARN_DIRECT_OBJC_ISA_USAGE = YES_ERROR;
				CLANG_WARN_DOCUMENTATION_COMMENTS = YES;
				CLANG_WARN_EMPTY_BODY = YES;
				CLANG_WARN_ENUM_CONVERSION = YES;
				CLANG_WARN_INFINITE_RECURSION = YES;
				CLANG_WARN_INT_CONVERSION = YES;
				CLANG_WARN_NON_LITERAL_NULL_CONVERSION = YES;
				CLANG_WARN_OBJC_IMPLICIT_RETAIN_SELF = YES;
				CLANG_WARN_OBJC_LITERAL_CONVERSION = YES;
				CLANG_WARN_OBJC_ROOT_CLASS = YES_ERROR;
				CLANG_WARN_QUOTED_INCLUDE_IN_FRAMEWORK_HEADER = YES;
				CLANG_WARN_RANGE_LOOP_ANALYSIS = YES;
				CLANG_WARN_STRICT_PROTOTYPES = YES;
				CLANG_WARN_SUSPICIOUS_MOVE = YES;
				CLANG_WARN_UNGUARDED_AVAILABILITY = YES_AGGRESSIVE;
				CLANG_WARN_UNREACHABLE_CODE = YES;
				CLANG_WARN__DUPLICATE_METHOD_MATCH = YES;
				COPY_PHASE_STRIP = NO;
				DEBUG_INFORMATION_FORMAT = dwarf;
				ENABLE_STRICT_OBJC_MSGSEND = YES;
				ENABLE_TESTABILITY = YES;
				ENABLE_USER_SCRIPT_SANDBOXING = YES;
				GCC_C_LANGUAGE_STANDARD = gnu17;
				GCC_DYNAMIC_NO_PIC = NO;
				GCC_NO_COMMON_BLOCKS = YES;
				GCC_OPTIMIZATION_LEVEL = 0;
				GCC_PREPROCESSOR_DEFINITIONS = (
					"DEBUG=1",
					"$(inherited)",
				);
				GCC_WARN_64_TO_32_BIT_CONVERSION = YES;
				GCC_WARN_ABOUT_RETURN_TYPE = YES_ERROR;
				GCC_WARN_UNDECLARED_SELECTOR = YES;
				GCC_WARN_UNINITIALIZED_AUTOS = YES_AGGRESSIVE;
				GCC_WARN_UNUSED_FUNCTION = YES;
				GCC_WARN_UNUSED_VARIABLE = YES;
				IPHONEOS_DEPLOYMENT_TARGET = 17.4;
				LOCALIZATION_PREFERS_STRING_CATALOGS = YES;
				MTL_ENABLE_DEBUG_INFO = INCLUDE_SOURCE;
				MTL_FAST_MATH = YES;
				ONLY_ACTIVE_ARCH = YES;
				SDKROOT = iphoneos;
				SWIFT_ACTIVE_COMPILATION_CONDITIONS = "DEBUG $(inherited)";
				SWIFT_OPTIMIZATION_LEVEL = "-Onone";
			};
			name = Debug;
		};
		6BA36CB82C05BBE000BE7853 /* Release */ = {
			isa = XCBuildConfiguration;
			buildSettings = {
				ALWAYS_SEARCH_USER_PATHS = NO;
				ASSETCATALOG_COMPILER_GENERATE_SWIFT_ASSET_SYMBOL_EXTENSIONS = YES;
				CLANG_ANALYZER_NONNULL = YES;
				CLANG_ANALYZER_NUMBER_OBJECT_CONVERSION = YES_AGGRESSIVE;
				CLANG_CXX_LANGUAGE_STANDARD = "gnu++20";
				CLANG_ENABLE_MODULES = YES;
				CLANG_ENABLE_OBJC_ARC = YES;
				CLANG_ENABLE_OBJC_WEAK = YES;
				CLANG_WARN_BLOCK_CAPTURE_AUTORELEASING = YES;
				CLANG_WARN_BOOL_CONVERSION = YES;
				CLANG_WARN_COMMA = YES;
				CLANG_WARN_CONSTANT_CONVERSION = YES;
				CLANG_WARN_DEPRECATED_OBJC_IMPLEMENTATIONS = YES;
				CLANG_WARN_DIRECT_OBJC_ISA_USAGE = YES_ERROR;
				CLANG_WARN_DOCUMENTATION_COMMENTS = YES;
				CLANG_WARN_EMPTY_BODY = YES;
				CLANG_WARN_ENUM_CONVERSION = YES;
				CLANG_WARN_INFINITE_RECURSION = YES;
				CLANG_WARN_INT_CONVERSION = YES;
				CLANG_WARN_NON_LITERAL_NULL_CONVERSION = YES;
				CLANG_WARN_OBJC_IMPLICIT_RETAIN_SELF = YES;
				CLANG_WARN_OBJC_LITERAL_CONVERSION = YES;
				CLANG_WARN_OBJC_ROOT_CLASS = YES_ERROR;
				CLANG_WARN_QUOTED_INCLUDE_IN_FRAMEWORK_HEADER = YES;
				CLANG_WARN_RANGE_LOOP_ANALYSIS = YES;
				CLANG_WARN_STRICT_PROTOTYPES = YES;
				CLANG_WARN_SUSPICIOUS_MOVE = YES;
				CLANG_WARN_UNGUARDED_AVAILABILITY = YES_AGGRESSIVE;
				CLANG_WARN_UNREACHABLE_CODE = YES;
				CLANG_WARN__DUPLICATE_METHOD_MATCH = YES;
				COPY_PHASE_STRIP = NO;
				DEBUG_INFORMATION_FORMAT = "dwarf-with-dsym";
				ENABLE_NS_ASSERTIONS = NO;
				ENABLE_STRICT_OBJC_MSGSEND = YES;
				ENABLE_USER_SCRIPT_SANDBOXING = YES;
				GCC_C_LANGUAGE_STANDARD = gnu17;
				GCC_NO_COMMON_BLOCKS = YES;
				GCC_WARN_64_TO_32_BIT_CONVERSION = YES;
				GCC_WARN_ABOUT_RETURN_TYPE = YES_ERROR;
				GCC_WARN_UNDECLARED_SELECTOR = YES;
				GCC_WARN_UNINITIALIZED_AUTOS = YES_AGGRESSIVE;
				GCC_WARN_UNUSED_FUNCTION = YES;
				GCC_WARN_UNUSED_VARIABLE = YES;
				IPHONEOS_DEPLOYMENT_TARGET = 17.4;
				LOCALIZATION_PREFERS_STRING_CATALOGS = YES;
				MTL_ENABLE_DEBUG_INFO = NO;
				MTL_FAST_MATH = YES;
				SDKROOT = iphoneos;
				SWIFT_COMPILATION_MODE = wholemodule;
				VALIDATE_PRODUCT = YES;
			};
			name = Release;
		};
		6BA36CBA2C05BBE000BE7853 /* Debug */ = {
			isa = XCBuildConfiguration;
			buildSettings = {
				ASSETCATALOG_COMPILER_APPICON_NAME = AppIcon;
				ASSETCATALOG_COMPILER_GLOBAL_ACCENT_COLOR_NAME = AccentColor;
				CODE_SIGN_STYLE = Automatic;
				CURRENT_PROJECT_VERSION = 1;
				GENERATE_INFOPLIST_FILE = YES;
				INFOPLIST_FILE = CoreDataWithSQLite/Info.plist;
				INFOPLIST_KEY_UIApplicationSupportsIndirectInputEvents = YES;
				INFOPLIST_KEY_UILaunchStoryboardName = LaunchScreen;
				INFOPLIST_KEY_UIMainStoryboardFile = Main;
				INFOPLIST_KEY_UISupportedInterfaceOrientations_iPad = "UIInterfaceOrientationPortrait UIInterfaceOrientationPortraitUpsideDown UIInterfaceOrientationLandscapeLeft UIInterfaceOrientationLandscapeRight";
				INFOPLIST_KEY_UISupportedInterfaceOrientations_iPhone = "UIInterfaceOrientationPortrait UIInterfaceOrientationLandscapeLeft UIInterfaceOrientationLandscapeRight";
				LD_RUNPATH_SEARCH_PATHS = (
					"$(inherited)",
					"@executable_path/Frameworks",
				);
				MARKETING_VERSION = 1.0;
				PRODUCT_BUNDLE_IDENTIFIER = iMobPlak.CoreDataWithSQLite;
				PRODUCT_NAME = "$(TARGET_NAME)";
				SWIFT_EMIT_LOC_STRINGS = YES;
				SWIFT_VERSION = 5.0;
				TARGETED_DEVICE_FAMILY = "1,2";
			};
			name = Debug;
		};
		6BA36CBB2C05BBE000BE7853 /* Release */ = {
			isa = XCBuildConfiguration;
			buildSettings = {
				ASSETCATALOG_COMPILER_APPICON_NAME = AppIcon;
				ASSETCATALOG_COMPILER_GLOBAL_ACCENT_COLOR_NAME = AccentColor;
				CODE_SIGN_STYLE = Automatic;
				CURRENT_PROJECT_VERSION = 1;
				GENERATE_INFOPLIST_FILE = YES;
				INFOPLIST_FILE = CoreDataWithSQLite/Info.plist;
				INFOPLIST_KEY_UIApplicationSupportsIndirectInputEvents = YES;
				INFOPLIST_KEY_UILaunchStoryboardName = LaunchScreen;
				INFOPLIST_KEY_UIMainStoryboardFile = Main;
				INFOPLIST_KEY_UISupportedInterfaceOrientations_iPad = "UIInterfaceOrientationPortrait UIInterfaceOrientationPortraitUpsideDown UIInterfaceOrientationLandscapeLeft UIInterfaceOrientationLandscapeRight";
				INFOPLIST_KEY_UISupportedInterfaceOrientations_iPhone = "UIInterfaceOrientationPortrait UIInterfaceOrientationLandscapeLeft UIInterfaceOrientationLandscapeRight";
				LD_RUNPATH_SEARCH_PATHS = (
					"$(inherited)",
					"@executable_path/Frameworks",
				);
				MARKETING_VERSION = 1.0;
				PRODUCT_BUNDLE_IDENTIFIER = iMobPlak.CoreDataWithSQLite;
				PRODUCT_NAME = "$(TARGET_NAME)";
				SWIFT_EMIT_LOC_STRINGS = YES;
				SWIFT_VERSION = 5.0;
				TARGETED_DEVICE_FAMILY = "1,2";
			};
			name = Release;
		};
/* End XCBuildConfiguration section */

/* Begin XCConfigurationList section */
		6BA36C9D2C05BBDF00BE7853 /* Build configuration list for PBXProject "CoreDataWithSQLite" */ = {
			isa = XCConfigurationList;
			buildConfigurations = (
				6BA36CB72C05BBE000BE7853 /* Debug */,
				6BA36CB82C05BBE000BE7853 /* Release */,
			);
			defaultConfigurationIsVisible = 0;
			defaultConfigurationName = Release;
		};
		6BA36CB92C05BBE000BE7853 /* Build configuration list for PBXNativeTarget "CoreDataWithSQLite" */ = {
			isa = XCConfigurationList;
			buildConfigurations = (
				6BA36CBA2C05BBE000BE7853 /* Debug */,
				6BA36CBB2C05BBE000BE7853 /* Release */,
			);
			defaultConfigurationIsVisible = 0;
			defaultConfigurationName = Release;
		};
/* End XCConfigurationList section */

/* Begin XCVersionGroup section */
		6BA36CC32C05C64800BE7853 /* MyDatabase_PP.xcdatamodeld */ = {
			isa = XCVersionGroup;
			children = (
				6BA36CC42C05C64800BE7853 /* MyDatabase_PP.xcdatamodel */,
			);
			currentVersion = 6BA36CC42C05C64800BE7853 /* MyDatabase_PP.xcdatamodel */;
			name = MyDatabase_PP.xcdatamodeld;
			path = "/Users/plak/Desktop/studia/3 semestr/progApkMobil/xCode/lab7/CoreDataWithSQLite/MyDatabase_PP.xcdatamodeld";
			sourceTree = "<group>";
			versionGroupType = wrapper.xcdatamodel;
		};
/* End XCVersionGroup section */
	};
	rootObject = 6BA36C9A2C05BBDF00BE7853 /* Project object */;
}
